// !$*UTF8*$!
{
	archiveVersion = 1;
	classes = {
	};
	objectVersion = 46;
	objects = {

/* Begin PBXBuildFile section */
		7D05D25914D7D10D001151D6 /* UIKit.framework in Frameworks */ = {isa = PBXBuildFile; fileRef = 7D05D25814D7D10D001151D6 /* UIKit.framework */; };
		7D05D25B14D7D10D001151D6 /* Foundation.framework in Frameworks */ = {isa = PBXBuildFile; fileRef = 7D05D25A14D7D10D001151D6 /* Foundation.framework */; };
		7D05D25D14D7D10D001151D6 /* CoreGraphics.framework in Frameworks */ = {isa = PBXBuildFile; fileRef = 7D05D25C14D7D10D001151D6 /* CoreGraphics.framework */; };
		7D05D26314D7D10D001151D6 /* InfoPlist.strings in Resources */ = {isa = PBXBuildFile; fileRef = 7D05D26114D7D10D001151D6 /* InfoPlist.strings */; };
		7D05D26514D7D10D001151D6 /* main.m in Sources */ = {isa = PBXBuildFile; fileRef = 7D05D26414D7D10D001151D6 /* main.m */; };
		7D05D26914D7D10D001151D6 /* mattAppDelegate.m in Sources */ = {isa = PBXBuildFile; fileRef = 7D05D26814D7D10D001151D6 /* mattAppDelegate.m */; };
		7D05D27614D7D22B001151D6 /* Tweet.m in Sources */ = {isa = PBXBuildFile; fileRef = 7D05D27514D7D22B001151D6 /* Tweet.m */; };
		7D05D28D14D7D278001151D6 /* AFHTTPClient.m in Sources */ = {isa = PBXBuildFile; fileRef = 7D05D27914D7D278001151D6 /* AFHTTPClient.m */; settings = {COMPILER_FLAGS = "-fno-objc-arc"; }; };
		7D05D28E14D7D278001151D6 /* AFHTTPRequestOperation.m in Sources */ = {isa = PBXBuildFile; fileRef = 7D05D27B14D7D278001151D6 /* AFHTTPRequestOperation.m */; settings = {COMPILER_FLAGS = "-fno-objc-arc"; }; };
		7D05D28F14D7D278001151D6 /* AFImageRequestOperation.m in Sources */ = {isa = PBXBuildFile; fileRef = 7D05D27D14D7D278001151D6 /* AFImageRequestOperation.m */; settings = {COMPILER_FLAGS = "-fno-objc-arc"; }; };
		7D05D29014D7D278001151D6 /* AFJSONRequestOperation.m in Sources */ = {isa = PBXBuildFile; fileRef = 7D05D27F14D7D278001151D6 /* AFJSONRequestOperation.m */; settings = {COMPILER_FLAGS = "-fno-objc-arc"; }; };
		7D05D29114D7D278001151D6 /* AFJSONUtilities.m in Sources */ = {isa = PBXBuildFile; fileRef = 7D05D28114D7D278001151D6 /* AFJSONUtilities.m */; settings = {COMPILER_FLAGS = "-fno-objc-arc"; }; };
		7D05D29214D7D278001151D6 /* AFNetworkActivityIndicatorManager.m in Sources */ = {isa = PBXBuildFile; fileRef = 7D05D28314D7D278001151D6 /* AFNetworkActivityIndicatorManager.m */; settings = {COMPILER_FLAGS = "-fno-objc-arc"; }; };
		7D05D29314D7D278001151D6 /* AFPropertyListRequestOperation.m in Sources */ = {isa = PBXBuildFile; fileRef = 7D05D28614D7D278001151D6 /* AFPropertyListRequestOperation.m */; settings = {COMPILER_FLAGS = "-fno-objc-arc"; }; };
		7D05D29414D7D278001151D6 /* AFURLConnectionOperation.m in Sources */ = {isa = PBXBuildFile; fileRef = 7D05D28814D7D278001151D6 /* AFURLConnectionOperation.m */; settings = {COMPILER_FLAGS = "-fno-objc-arc"; }; };
		7D05D29514D7D278001151D6 /* AFXMLRequestOperation.m in Sources */ = {isa = PBXBuildFile; fileRef = 7D05D28A14D7D278001151D6 /* AFXMLRequestOperation.m */; settings = {COMPILER_FLAGS = "-fno-objc-arc"; }; };
		7D05D29614D7D278001151D6 /* UIImageView+AFNetworking.m in Sources */ = {isa = PBXBuildFile; fileRef = 7D05D28C14D7D278001151D6 /* UIImageView+AFNetworking.m */; settings = {COMPILER_FLAGS = "-fno-objc-arc"; }; };
		7D05D29A14D7D6D9001151D6 /* OneTweetViewController.m in Sources */ = {isa = PBXBuildFile; fileRef = 7D05D29814D7D6D8001151D6 /* OneTweetViewController.m */; };
		7D744EA614D7DAFA00556261 /* OneTweetViewController.xib in Resources */ = {isa = PBXBuildFile; fileRef = 7D744EA514D7DAFA00556261 /* OneTweetViewController.xib */; };
/* End PBXBuildFile section */

/* Begin PBXFileReference section */
		7D05D25414D7D10D001151D6 /* NetworkingDemo.app */ = {isa = PBXFileReference; explicitFileType = wrapper.application; includeInIndex = 0; path = NetworkingDemo.app; sourceTree = BUILT_PRODUCTS_DIR; };
		7D05D25814D7D10D001151D6 /* UIKit.framework */ = {isa = PBXFileReference; lastKnownFileType = wrapper.framework; name = UIKit.framework; path = System/Library/Frameworks/UIKit.framework; sourceTree = SDKROOT; };
		7D05D25A14D7D10D001151D6 /* Foundation.framework */ = {isa = PBXFileReference; lastKnownFileType = wrapper.framework; name = Foundation.framework; path = System/Library/Frameworks/Foundation.framework; sourceTree = SDKROOT; };
		7D05D25C14D7D10D001151D6 /* CoreGraphics.framework */ = {isa = PBXFileReference; lastKnownFileType = wrapper.framework; name = CoreGraphics.framework; path = System/Library/Frameworks/CoreGraphics.framework; sourceTree = SDKROOT; };
		7D05D26014D7D10D001151D6 /* NetworkingDemo-Info.plist */ = {isa = PBXFileReference; lastKnownFileType = text.plist.xml; path = "NetworkingDemo-Info.plist"; sourceTree = "<group>"; };
		7D05D26214D7D10D001151D6 /* en */ = {isa = PBXFileReference; lastKnownFileType = text.plist.strings; name = en; path = en.lproj/InfoPlist.strings; sourceTree = "<group>"; };
		7D05D26414D7D10D001151D6 /* main.m */ = {isa = PBXFileReference; lastKnownFileType = sourcecode.c.objc; path = main.m; sourceTree = "<group>"; };
		7D05D26614D7D10D001151D6 /* NetworkingDemo-Prefix.pch */ = {isa = PBXFileReference; lastKnownFileType = sourcecode.c.h; path = "NetworkingDemo-Prefix.pch"; sourceTree = "<group>"; };
		7D05D26714D7D10D001151D6 /* mattAppDelegate.h */ = {isa = PBXFileReference; lastKnownFileType = sourcecode.c.h; path = mattAppDelegate.h; sourceTree = "<group>"; };
		7D05D26814D7D10D001151D6 /* mattAppDelegate.m */ = {isa = PBXFileReference; lastKnownFileType = sourcecode.c.objc; path = mattAppDelegate.m; sourceTree = "<group>"; };
		7D05D27414D7D22B001151D6 /* Tweet.h */ = {isa = PBXFileReference; fileEncoding = 4; lastKnownFileType = sourcecode.c.h; path = Tweet.h; sourceTree = "<group>"; };
		7D05D27514D7D22B001151D6 /* Tweet.m */ = {isa = PBXFileReference; fileEncoding = 4; lastKnownFileType = sourcecode.c.objc; path = Tweet.m; sourceTree = "<group>"; };
		7D05D27814D7D278001151D6 /* AFHTTPClient.h */ = {isa = PBXFileReference; fileEncoding = 4; lastKnownFileType = sourcecode.c.h; path = AFHTTPClient.h; sourceTree = "<group>"; };
		7D05D27914D7D278001151D6 /* AFHTTPClient.m */ = {isa = PBXFileReference; fileEncoding = 4; lastKnownFileType = sourcecode.c.objc; path = AFHTTPClient.m; sourceTree = "<group>"; };
		7D05D27A14D7D278001151D6 /* AFHTTPRequestOperation.h */ = {isa = PBXFileReference; fileEncoding = 4; lastKnownFileType = sourcecode.c.h; path = AFHTTPRequestOperation.h; sourceTree = "<group>"; };
		7D05D27B14D7D278001151D6 /* AFHTTPRequestOperation.m */ = {isa = PBXFileReference; fileEncoding = 4; lastKnownFileType = sourcecode.c.objc; path = AFHTTPRequestOperation.m; sourceTree = "<group>"; };
		7D05D27C14D7D278001151D6 /* AFImageRequestOperation.h */ = {isa = PBXFileReference; fileEncoding = 4; lastKnownFileType = sourcecode.c.h; path = AFImageRequestOperation.h; sourceTree = "<group>"; };
		7D05D27D14D7D278001151D6 /* AFImageRequestOperation.m */ = {isa = PBXFileReference; fileEncoding = 4; lastKnownFileType = sourcecode.c.objc; path = AFImageRequestOperation.m; sourceTree = "<group>"; };
		7D05D27E14D7D278001151D6 /* AFJSONRequestOperation.h */ = {isa = PBXFileReference; fileEncoding = 4; lastKnownFileType = sourcecode.c.h; path = AFJSONRequestOperation.h; sourceTree = "<group>"; };
		7D05D27F14D7D278001151D6 /* AFJSONRequestOperation.m */ = {isa = PBXFileReference; fileEncoding = 4; lastKnownFileType = sourcecode.c.objc; path = AFJSONRequestOperation.m; sourceTree = "<group>"; };
		7D05D28014D7D278001151D6 /* AFJSONUtilities.h */ = {isa = PBXFileReference; fileEncoding = 4; lastKnownFileType = sourcecode.c.h; path = AFJSONUtilities.h; sourceTree = "<group>"; };
		7D05D28114D7D278001151D6 /* AFJSONUtilities.m */ = {isa = PBXFileReference; fileEncoding = 4; lastKnownFileType = sourcecode.c.objc; path = AFJSONUtilities.m; sourceTree = "<group>"; };
		7D05D28214D7D278001151D6 /* AFNetworkActivityIndicatorManager.h */ = {isa = PBXFileReference; fileEncoding = 4; lastKnownFileType = sourcecode.c.h; path = AFNetworkActivityIndicatorManager.h; sourceTree = "<group>"; };
		7D05D28314D7D278001151D6 /* AFNetworkActivityIndicatorManager.m */ = {isa = PBXFileReference; fileEncoding = 4; lastKnownFileType = sourcecode.c.objc; path = AFNetworkActivityIndicatorManager.m; sourceTree = "<group>"; };
		7D05D28414D7D278001151D6 /* AFNetworking.h */ = {isa = PBXFileReference; fileEncoding = 4; lastKnownFileType = sourcecode.c.h; path = AFNetworking.h; sourceTree = "<group>"; };
		7D05D28514D7D278001151D6 /* AFPropertyListRequestOperation.h */ = {isa = PBXFileReference; fileEncoding = 4; lastKnownFileType = sourcecode.c.h; path = AFPropertyListRequestOperation.h; sourceTree = "<group>"; };
		7D05D28614D7D278001151D6 /* AFPropertyListRequestOperation.m */ = {isa = PBXFileReference; fileEncoding = 4; lastKnownFileType = sourcecode.c.objc; path = AFPropertyListRequestOperation.m; sourceTree = "<group>"; };
		7D05D28714D7D278001151D6 /* AFURLConnectionOperation.h */ = {isa = PBXFileReference; fileEncoding = 4; lastKnownFileType = sourcecode.c.h; path = AFURLConnectionOperation.h; sourceTree = "<group>"; };
		7D05D28814D7D278001151D6 /* AFURLConnectionOperation.m */ = {isa = PBXFileReference; fileEncoding = 4; lastKnownFileType = sourcecode.c.objc; path = AFURLConnectionOperation.m; sourceTree = "<group>"; };
		7D05D28914D7D278001151D6 /* AFXMLRequestOperation.h */ = {isa = PBXFileReference; fileEncoding = 4; lastKnownFileType = sourcecode.c.h; path = AFXMLRequestOperation.h; sourceTree = "<group>"; };
		7D05D28A14D7D278001151D6 /* AFXMLRequestOperation.m */ = {isa = PBXFileReference; fileEncoding = 4; lastKnownFileType = sourcecode.c.objc; path = AFXMLRequestOperation.m; sourceTree = "<group>"; };
		7D05D28B14D7D278001151D6 /* UIImageView+AFNetworking.h */ = {isa = PBXFileReference; fileEncoding = 4; lastKnownFileType = sourcecode.c.h; path = "UIImageView+AFNetworking.h"; sourceTree = "<group>"; };
		7D05D28C14D7D278001151D6 /* UIImageView+AFNetworking.m */ = {isa = PBXFileReference; fileEncoding = 4; lastKnownFileType = sourcecode.c.objc; path = "UIImageView+AFNetworking.m"; sourceTree = "<group>"; };
		7D05D29714D7D6D8001151D6 /* OneTweetViewController.h */ = {isa = PBXFileReference; fileEncoding = 4; lastKnownFileType = sourcecode.c.h; path = OneTweetViewController.h; sourceTree = "<group>"; };
		7D05D29814D7D6D8001151D6 /* OneTweetViewController.m */ = {isa = PBXFileReference; fileEncoding = 4; lastKnownFileType = sourcecode.c.objc; path = OneTweetViewController.m; sourceTree = "<group>"; };
		7D744EA514D7DAFA00556261 /* OneTweetViewController.xib */ = {isa = PBXFileReference; fileEncoding = 4; lastKnownFileType = file.xib; path = OneTweetViewController.xib; sourceTree = "<group>"; };
/* End PBXFileReference section */

/* Begin PBXFrameworksBuildPhase section */
		7D05D25114D7D10D001151D6 /* Frameworks */ = {
			isa = PBXFrameworksBuildPhase;
			buildActionMask = 2147483647;
			files = (
				7D05D25914D7D10D001151D6 /* UIKit.framework in Frameworks */,
				7D05D25B14D7D10D001151D6 /* Foundation.framework in Frameworks */,
				7D05D25D14D7D10D001151D6 /* CoreGraphics.framework in Frameworks */,
			);
			runOnlyForDeploymentPostprocessing = 0;
		};
/* End PBXFrameworksBuildPhase section */

/* Begin PBXGroup section */
		7D05D24914D7D10C001151D6 = {
			isa = PBXGroup;
			children = (
				7D05D27714D7D278001151D6 /* AFNetworking */,
				7D05D25E14D7D10D001151D6 /* NetworkingDemo */,
				7D05D25714D7D10D001151D6 /* Frameworks */,
				7D05D25514D7D10D001151D6 /* Products */,
			);
			sourceTree = "<group>";
		};
		7D05D25514D7D10D001151D6 /* Products */ = {
			isa = PBXGroup;
			children = (
				7D05D25414D7D10D001151D6 /* NetworkingDemo.app */,
			);
			name = Products;
			sourceTree = "<group>";
		};
		7D05D25714D7D10D001151D6 /* Frameworks */ = {
			isa = PBXGroup;
			children = (
				7D05D25814D7D10D001151D6 /* UIKit.framework */,
				7D05D25A14D7D10D001151D6 /* Foundation.framework */,
				7D05D25C14D7D10D001151D6 /* CoreGraphics.framework */,
			);
			name = Frameworks;
			sourceTree = "<group>";
		};
		7D05D25E14D7D10D001151D6 /* NetworkingDemo */ = {
			isa = PBXGroup;
			children = (
				7D744EA514D7DAFA00556261 /* OneTweetViewController.xib */,
				7D05D29714D7D6D8001151D6 /* OneTweetViewController.h */,
				7D05D29814D7D6D8001151D6 /* OneTweetViewController.m */,
				7D05D26714D7D10D001151D6 /* mattAppDelegate.h */,
				7D05D26814D7D10D001151D6 /* mattAppDelegate.m */,
				7D05D25F14D7D10D001151D6 /* Supporting Files */,
				7D05D27414D7D22B001151D6 /* Tweet.h */,
				7D05D27514D7D22B001151D6 /* Tweet.m */,
			);
			path = NetworkingDemo;
			sourceTree = "<group>";
		};
		7D05D25F14D7D10D001151D6 /* Supporting Files */ = {
			isa = PBXGroup;
			children = (
				7D05D26014D7D10D001151D6 /* NetworkingDemo-Info.plist */,
				7D05D26114D7D10D001151D6 /* InfoPlist.strings */,
				7D05D26414D7D10D001151D6 /* main.m */,
				7D05D26614D7D10D001151D6 /* NetworkingDemo-Prefix.pch */,
			);
			name = "Supporting Files";
			sourceTree = "<group>";
		};
		7D05D27714D7D278001151D6 /* AFNetworking */ = {
			isa = PBXGroup;
			children = (
				7D05D27814D7D278001151D6 /* AFHTTPClient.h */,
				7D05D27914D7D278001151D6 /* AFHTTPClient.m */,
				7D05D27A14D7D278001151D6 /* AFHTTPRequestOperation.h */,
				7D05D27B14D7D278001151D6 /* AFHTTPRequestOperation.m */,
				7D05D27C14D7D278001151D6 /* AFImageRequestOperation.h */,
				7D05D27D14D7D278001151D6 /* AFImageRequestOperation.m */,
				7D05D27E14D7D278001151D6 /* AFJSONRequestOperation.h */,
				7D05D27F14D7D278001151D6 /* AFJSONRequestOperation.m */,
				7D05D28014D7D278001151D6 /* AFJSONUtilities.h */,
				7D05D28114D7D278001151D6 /* AFJSONUtilities.m */,
				7D05D28214D7D278001151D6 /* AFNetworkActivityIndicatorManager.h */,
				7D05D28314D7D278001151D6 /* AFNetworkActivityIndicatorManager.m */,
				7D05D28414D7D278001151D6 /* AFNetworking.h */,
				7D05D28514D7D278001151D6 /* AFPropertyListRequestOperation.h */,
				7D05D28614D7D278001151D6 /* AFPropertyListRequestOperation.m */,
				7D05D28714D7D278001151D6 /* AFURLConnectionOperation.h */,
				7D05D28814D7D278001151D6 /* AFURLConnectionOperation.m */,
				7D05D28914D7D278001151D6 /* AFXMLRequestOperation.h */,
				7D05D28A14D7D278001151D6 /* AFXMLRequestOperation.m */,
				7D05D28B14D7D278001151D6 /* UIImageView+AFNetworking.h */,
				7D05D28C14D7D278001151D6 /* UIImageView+AFNetworking.m */,
			);
			path = AFNetworking;
			sourceTree = "<group>";
		};
/* End PBXGroup section */

/* Begin PBXNativeTarget section */
		7D05D25314D7D10D001151D6 /* NetworkingDemo */ = {
			isa = PBXNativeTarget;
			buildConfigurationList = 7D05D26C14D7D10D001151D6 /* Build configuration list for PBXNativeTarget "NetworkingDemo" */;
			buildPhases = (
				7D05D25014D7D10D001151D6 /* Sources */,
				7D05D25114D7D10D001151D6 /* Frameworks */,
				7D05D25214D7D10D001151D6 /* Resources */,
			);
			buildRules = (
			);
			dependencies = (
			);
			name = NetworkingDemo;
			productName = NetworkingDemo;
			productReference = 7D05D25414D7D10D001151D6 /* NetworkingDemo.app */;
			productType = "com.apple.product-type.application";
		};
/* End PBXNativeTarget section */

/* Begin PBXProject section */
		7D05D24B14D7D10C001151D6 /* Project object */ = {
			isa = PBXProject;
			attributes = {
				LastUpgradeCheck = 0420;
			};
			buildConfigurationList = 7D05D24E14D7D10C001151D6 /* Build configuration list for PBXProject "NetworkingDemo" */;
			compatibilityVersion = "Xcode 3.2";
			developmentRegion = English;
			hasScannedForEncodings = 0;
			knownRegions = (
				en,
			);
			mainGroup = 7D05D24914D7D10C001151D6;
			productRefGroup = 7D05D25514D7D10D001151D6 /* Products */;
			projectDirPath = "";
			projectRoot = "";
			targets = (
				7D05D25314D7D10D001151D6 /* NetworkingDemo */,
			);
		};
/* End PBXProject section */

/* Begin PBXResourcesBuildPhase section */
		7D05D25214D7D10D001151D6 /* Resources */ = {
			isa = PBXResourcesBuildPhase;
			buildActionMask = 2147483647;
			files = (
				7D05D26314D7D10D001151D6 /* InfoPlist.strings in Resources */,
				7D744EA614D7DAFA00556261 /* OneTweetViewController.xib in Resources */,
			);
			runOnlyForDeploymentPostprocessing = 0;
		};
/* End PBXResourcesBuildPhase section */

/* Begin PBXSourcesBuildPhase section */
		7D05D25014D7D10D001151D6 /* Sources */ = {
			isa = PBXSourcesBuildPhase;
			buildActionMask = 2147483647;
			files = (
				7D05D26514D7D10D001151D6 /* main.m in Sources */,
				7D05D26914D7D10D001151D6 /* mattAppDelegate.m in Sources */,
				7D05D27614D7D22B001151D6 /* Tweet.m in Sources */,
				7D05D28D14D7D278001151D6 /* AFHTTPClient.m in Sources */,
				7D05D28E14D7D278001151D6 /* AFHTTPRequestOperation.m in Sources */,
				7D05D28F14D7D278001151D6 /* AFImageRequestOperation.m in Sources */,
				7D05D29014D7D278001151D6 /* AFJSONRequestOperation.m in Sources */,
				7D05D29114D7D278001151D6 /* AFJSONUtilities.m in Sources */,
				7D05D29214D7D278001151D6 /* AFNetworkActivityIndicatorManager.m in Sources */,
				7D05D29314D7D278001151D6 /* AFPropertyListRequestOperation.m in Sources */,
				7D05D29414D7D278001151D6 /* AFURLConnectionOperation.m in Sources */,
				7D05D29514D7D278001151D6 /* AFXMLRequestOperation.m in Sources */,
				7D05D29614D7D278001151D6 /* UIImageView+AFNetworking.m in Sources */,
				7D05D29A14D7D6D9001151D6 /* OneTweetViewController.m in Sources */,
			);
			runOnlyForDeploymentPostprocessing = 0;
		};
/* End PBXSourcesBuildPhase section */

/* Begin PBXVariantGroup section */
		7D05D26114D7D10D001151D6 /* InfoPlist.strings */ = {
			isa = PBXVariantGroup;
			children = (
				7D05D26214D7D10D001151D6 /* en */,
			);
			name = InfoPlist.strings;
			sourceTree = "<group>";
		};
/* End PBXVariantGroup section */

/* Begin XCBuildConfiguration section */
		7D05D26A14D7D10D001151D6 /* Debug */ = {
			isa = XCBuildConfiguration;
			buildSettings = {
				ALWAYS_SEARCH_USER_PATHS = NO;
				ARCHS = "$(ARCHS_STANDARD_32_BIT)";
				CLANG_ENABLE_OBJC_ARC = YES;
				"CODE_SIGN_IDENTITY[sdk=iphoneos*]" = "iPhone Developer";
				COPY_PHASE_STRIP = NO;
				GCC_C_LANGUAGE_STANDARD = gnu99;
				GCC_DYNAMIC_NO_PIC = NO;
				GCC_OPTIMIZATION_LEVEL = 0;
				GCC_PREPROCESSOR_DEFINITIONS = (
					"DEBUG=1",
					"$(inherited)",
				);
				GCC_SYMBOLS_PRIVATE_EXTERN = NO;
				GCC_VERSION = com.apple.compilers.llvm.clang.1_0;
				GCC_WARN_ABOUT_MISSING_PROTOTYPES = YES;
				GCC_WARN_ABOUT_RETURN_TYPE = YES;
				GCC_WARN_UNUSED_VARIABLE = YES;
				IPHONEOS_DEPLOYMENT_TARGET = 5.0;
				SDKROOT = iphoneos;
			};
			name = Debug;
		};
		7D05D26B14D7D10D001151D6 /* Release */ = {
			isa = XCBuildConfiguration;
			buildSettings = {
				ALWAYS_SEARCH_USER_PATHS = NO;
				ARCHS = "$(ARCHS_STANDARD_32_BIT)";
				CLANG_ENABLE_OBJC_ARC = YES;
				"CODE_SIGN_IDENTITY[sdk=iphoneos*]" = "iPhone Developer";
				COPY_PHASE_STRIP = YES;
				GCC_C_LANGUAGE_STANDARD = gnu99;
				GCC_VERSION = com.apple.compilers.llvm.clang.1_0;
				GCC_WARN_ABOUT_MISSING_PROTOTYPES = YES;
				GCC_WARN_ABOUT_RETURN_TYPE = YES;
				GCC_WARN_UNUSED_VARIABLE = YES;
				IPHONEOS_DEPLOYMENT_TARGET = 5.0;
				OTHER_CFLAGS = "-DNS_BLOCK_ASSERTIONS=1";
				SDKROOT = iphoneos;
				VALIDATE_PRODUCT = YES;
			};
			name = Release;
		};
		7D05D26D14D7D10D001151D6 /* Debug */ = {
			isa = XCBuildConfiguration;
			buildSettings = {
				GCC_PRECOMPILE_PREFIX_HEADER = YES;
				GCC_PREFIX_HEADER = "NetworkingDemo/NetworkingDemo-Prefix.pch";
				INFOPLIST_FILE = "NetworkingDemo/NetworkingDemo-Info.plist";
				PRODUCT_NAME = "$(TARGET_NAME)";
				WRAPPER_EXTENSION = app;
			};
			name = Debug;
		};
		7D05D26E14D7D10D001151D6 /* Release */ = {
			isa = XCBuildConfiguration;
			buildSettings = {
				GCC_PRECOMPILE_PREFIX_HEADER = YES;
				GCC_PREFIX_HEADER = "NetworkingDemo/NetworkingDemo-Prefix.pch";
				INFOPLIST_FILE = "NetworkingDemo/NetworkingDemo-Info.plist";
				PRODUCT_NAME = "$(TARGET_NAME)";
				WRAPPER_EXTENSION = app;
			};
			name = Release;
		};
/* End XCBuildConfiguration section */

/* Begin XCConfigurationList section */
		7D05D24E14D7D10C001151D6 /* Build configuration list for PBXProject "NetworkingDemo" */ = {
			isa = XCConfigurationList;
			buildConfigurations = (
				7D05D26A14D7D10D001151D6 /* Debug */,
				7D05D26B14D7D10D001151D6 /* Release */,
			);
			defaultConfigurationIsVisible = 0;
			defaultConfigurationName = Release;
		};
		7D05D26C14D7D10D001151D6 /* Build configuration list for PBXNativeTarget "NetworkingDemo" */ = {
			isa = XCConfigurationList;
			buildConfigurations = (
				7D05D26D14D7D10D001151D6 /* Debug */,
				7D05D26E14D7D10D001151D6 /* Release */,
			);
			defaultConfigurationIsVisible = 0;
			defaultConfigurationName = Release;
		};
/* End XCConfigurationList section */
	};
	rootObject = 7D05D24B14D7D10C001151D6 /* Project object */;
}
